
Microsoft Visual Studio Solution File, Format Version 12.00
# Visual Studio 2017
Project("{FAE04EC0-301F-11D3-BF4B-00C04F79EFBC}") = "Experiment Multiplayer", "Experiment Multiplayer.csproj", "{CBF33689-A6A9-244B-3FA7-742E72DD7463}"
EndProject
Project("{FAE04EC0-301F-11D3-BF4B-00C04F79EFBC}") = "Experiment Multiplayer.Editor", "Experiment Multiplayer.Editor.csproj", "{30ED26C8-E078-E95D-A450-9301D581C07B}"
EndProject
Project("{FAE04EC0-301F-11D3-BF4B-00C04F79EFBC}") = "Experiment Multiplayer.Plugins", "Experiment Multiplayer.Plugins.csproj", "{233AFACB-A81E-B4F4-D787-7B2F27696D19}"
EndProject
Global
	GlobalSection(SolutionConfigurationPlatforms) = preSolution
		Debug|Any CPU = Debug|Any CPU
		Release|Any CPU = Release|Any CPU
	EndGlobalSection
	GlobalSection(ProjectConfigurationPlatforms) = postSolution
		{CBF33689-A6A9-244B-3FA7-742E72DD7463}.Debug|Any CPU.ActiveCfg = Debug|Any CPU
		{CBF33689-A6A9-244B-3FA7-742E72DD7463}.Debug|Any CPU.Build.0 = Debug|Any CPU
		{CBF33689-A6A9-244B-3FA7-742E72DD7463}.Release|Any CPU.ActiveCfg = Release|Any CPU
		{CBF33689-A6A9-244B-3FA7-742E72DD7463}.Release|Any CPU.Build.0 = Release|Any CPU
		{30ED26C8-E078-E95D-A450-9301D581C07B}.Debug|Any CPU.ActiveCfg = Debug|Any CPU
		{30ED26C8-E078-E95D-A450-9301D581C07B}.Debug|Any CPU.Build.0 = Debug|Any CPU
		{30ED26C8-E078-E95D-A450-9301D581C07B}.Release|Any CPU.ActiveCfg = Release|Any CPU
		{30ED26C8-E078-E95D-A450-9301D581C07B}.Release|Any CPU.Build.0 = Release|Any CPU
		{233AFACB-A81E-B4F4-D787-7B2F27696D19}.Debug|Any CPU.ActiveCfg = Debug|Any CPU
		{233AFACB-A81E-B4F4-D787-7B2F27696D19}.Debug|Any CPU.Build.0 = Debug|Any CPU
		{233AFACB-A81E-B4F4-D787-7B2F27696D19}.Release|Any CPU.ActiveCfg = Release|Any CPU
		{233AFACB-A81E-B4F4-D787-7B2F27696D19}.Release|Any CPU.Build.0 = Release|Any CPU
	EndGlobalSection
	GlobalSection(SolutionProperties) = preSolution
		HideSolutionNode = FALSE
	EndGlobalSection
EndGlobal
